{
    "_meta": {
        "hash": {
            "sha256": "984fc33bb40956391932c407c9f1f6aa489546b76b262d621f38dfb2dc623a75"
        },
        "pipfile-spec": 6,
        "requires": {
            "python_version": "3.9"
        },
        "sources": [
            {
                "name": "pypi",
                "url": "https://pypi.org/simple",
                "verify_ssl": true
            }
        ]
    },
    "default": {
        "furigana": {
            "git": "https://github.com/finia2NA/furigana.git",
            "ref": "b808583df34b2d41fda85829cbe09551d2e8254a"
        },
        "jaconv": {
            "hashes": [
                "sha256:cc70c796c19a6765598c03eac59d1399a555a9a8839cc70e540ec26f0ec3e66e"
            ],
            "index": "pypi",
            "version": "==0.3"
        },
        "mecab-python3": {
            "hashes": [
                "sha256:178b632b717e3249054a7ad4c0fbc60ce8493d357afa7673d535ffa11e45eaba",
                "sha256:18e14dfe3d8c66cfa1c9f49e3bc8ac480b79a433ec9e5b5d2c1fb73f36ec7c3e",
                "sha256:221256b84be0ee29dc8fa450210236b40707b9d63cfc70de5102d2531622d062",
                "sha256:3c7e87c65160e5e4edb08cb80dbce50f4e711c53f45063321aab72ab2566ffe4",
                "sha256:445b4f5ee5674d85f6de2726ec28991801844ff71eb096129da5f5ba077d5a87",
                "sha256:52a789c708f8b89044236201eb03c7fe5517fad5210a9de2230c7d99a2a8c760",
                "sha256:53b0b899ef03f364bfd7fa28f260ee1e893e4f47ff90a141a522709b892f0a4e",
                "sha256:96d9e8c098401fb4b5bd32258f4952f3b22cdb30ab291f5ff82eae1d0941cbed",
                "sha256:b149b51f0f62c9512d219c9e79c6db2eb66e70863a97eb412d8fc3ba7a25f351",
                "sha256:b150ad5fe4260539b4ef184657e552ef81307fbbe60ae1f258bc814549ea90f8",
                "sha256:b2fbed960ef82f4192b31efd88af1f3c24cd1692b62720ed70d7e314a50f581e",
                "sha256:c1606b35df0136b3e9dc7add2e69d2c1151e69fd5675c0cde62d0b017b2319e7",
                "sha256:cb6eb6cc47e3937a2edfaa9595dc2d165ed9f025e3a53bd0a5033a12fa6bcdcf",
                "sha256:d6ca73c0dec72038290faa6de17d57d771535eb47c22346e170dffcb82d696bb",
                "sha256:dcd62ebf2eecde1263119b92ff5379a046bb8231cb999fafda00f0925dfcb67e",
                "sha256:de39b82f44d97fc0fd636644ad14c9662f51afcd73775379d5a8b1eb20ee85a6",
                "sha256:fbfad60261ad3b9390b8615528fc013302a3e8febba220f799216c1a1154ee7e"
            ],
            "index": "pypi",
            "version": "==1.0.4"
        },
        "pyqt5": {
            "hashes": [
                "sha256:33ced1c876f6a26e7899615a5a4efef2167c263488837c7beed023a64cebd051",
                "sha256:80343bcab95ffba619f2ed2467fd828ffeb0a251ad7225be5fc06dcc333af452",
                "sha256:9d2dcdaf82263ae56023410a7af15d1fd746c8e361733a7d0d1bd1f004ec2793",
                "sha256:9d6efad0377aa78bf081a20ac752ce86096ded18f04c592d98f5b92dc879ad0a",
                "sha256:f411ecda52e488e1d3c5cce7563e1b2ca9cf0b7531e3c25b03d9a7e56e07e7fc"
            ],
            "index": "pypi",
            "version": "==5.15.6"
        },
        "pyqt5-qt5": {
            "hashes": [
                "sha256:1988f364ec8caf87a6ee5d5a3a5210d57539988bf8e84714c7d60972692e2f4a",
                "sha256:750b78e4dba6bdf1607febedc08738e318ea09e9b10aea9ff0d73073f11f6962",
                "sha256:76980cd3d7ae87e3c7a33bfebfaee84448fd650bad6840471d6cae199b56e154",
                "sha256:9cc7a768b1921f4b982ebc00a318ccb38578e44e45316c7a4a850e953e1dd327"
            ],
            "version": "==5.15.2"
        },
        "pyqt5-sip": {
            "hashes": [
                "sha256:055581c6fed44ba4302b70eeb82e979ff70400037358908f251cd85cbb3dbd93",
                "sha256:0fc9aefacf502696710b36cdc9fa2a61487f55ee883dbcf2c2a6477e261546f7",
                "sha256:42274a501ab4806d2c31659170db14c282b8313d2255458064666d9e70d96206",
                "sha256:4347bd81d30c8e3181e553b3734f91658cfbdd8f1a19f254777f906870974e6d",
                "sha256:485972daff2fb0311013f471998f8ec8262ea381bded244f9d14edaad5f54271",
                "sha256:4f8e05fe01d54275877c59018d8e82dcdd0bc5696053a8b830eecea3ce806121",
                "sha256:69a3ad4259172e2b1aa9060de211efac39ddd734a517b1924d9c6c0cc4f55f96",
                "sha256:6a8701892a01a5a2a4720872361197cc80fdd5f49c8482d488ddf38c9c84f055",
                "sha256:6d5bca2fc222d58e8093ee8a81a6e3437067bb22bc3f86d06ec8be721e15e90a",
                "sha256:83c3220b1ca36eb8623ba2eb3766637b19eb0ce9f42336ad8253656d32750c0a",
                "sha256:a25b9843c7da6a1608f310879c38e6434331aab1dc2fe6cb65c14f1ecf33780e",
                "sha256:ac57d796c78117eb39edd1d1d1aea90354651efac9d3590aac67fa4983f99f1f",
                "sha256:b09f4cd36a4831229fb77c424d89635fa937d97765ec90685e2f257e56a2685a",
                "sha256:c446971c360a0a1030282a69375a08c78e8a61d568bfd6dab3dcc5cf8817f644",
                "sha256:c5216403d4d8d857ec4a61f631d3945e44fa248aa2415e9ee9369ab7c8a4d0c7",
                "sha256:d3e4489d7c2b0ece9d203ae66e573939f7f60d4d29e089c9f11daa17cfeaae32",
                "sha256:d59af63120d1475b2bf94fe8062610720a9be1e8940ea146c7f42bb449d49067",
                "sha256:d85002238b5180bce4b245c13d6face848faa1a7a9e5c6e292025004f2fd619a",
                "sha256:d8b2bdff7bbf45bc975c113a03b14fd669dc0c73e1327f02706666a7dd51a197",
                "sha256:dd05c768c2b55ffe56a9d49ce6cc77cdf3d53dbfad935258a9e347cbfd9a5850",
                "sha256:fc43f2d7c438517ee33e929e8ae77132749c15909afab6aeece5fcf4147ffdb5"
            ],
            "markers": "python_version >= '3.5'",
            "version": "==12.9.0"
        },
        "pyqtwebengine": {
            "hashes": [
                "sha256:30cebf455406990d5a0b859eac261ba6b45c32ce18956271733e0e96dbdca9b7",
                "sha256:5c77f71d88d871bc7400c68ef6433fadc5bd57b86d1a9c4d8094cea42f3607f1",
                "sha256:782aeee6bc8699bc029fe5c169a045c2bc9533d781cf3f5e9fb424b85a204e68",
                "sha256:ab47608dccf2b5e4b950d5a3cc704b17711af035024d07a9b71ad29fc103b941",
                "sha256:b827ad7ba0a65d5cd176797478f0ec8f599df6746b06c548649ff5674482a022"
            ],
            "index": "pypi",
            "version": "==5.15.5"
        },
        "pyqtwebengine-qt5": {
            "hashes": [
                "sha256:24231f19e1595018779977de6722b5c69f3d03f34a5f7574ff21cd1e764ef76d",
                "sha256:9e80b408d8de09d4e708d5d84c3ceaf3603292ff8f5e566ae44bb0320fa59c33",
                "sha256:bc7b1fd1f4f8138d59b0b0245d601fb2c5c0aa1e1e7e853b713e52a3165d147e",
                "sha256:ec2acb1780c0124ef060c310e00ca701f388d8b6c35bba9127f7a6f0dc536f77"
            ],
            "version": "==5.15.2"
        },
        "unidic-lite": {
            "hashes": [
                "sha256:db9d4572d9fdd4d00a97949d4b0741ec480ee05a7e7e2e32f547500dae27b245"
            ],
            "index": "pypi",
            "version": "==1.0.8"
        }
    },
    "develop": {}
}
